{
    "_readme": [
        "This file locks the dependencies of your project to a known state",
        "Read more about it at https://getcomposer.org/doc/01-basic-usage.md#composer-lock-the-lock-file",
        "This file is @generated automatically"
    ],
    "content-hash": "2446dbb26565817e50cb76419dbbbf44",
    "packages": [
        {
            "name": "ezyang/htmlpurifier",
            "version": "v4.9.3",
            "source": {
                "type": "git",
                "url": "https://github.com/ezyang/htmlpurifier.git",
                "reference": "95e1bae3182efc0f3422896a3236e991049dac69"
            },
            "dist": {
                "type": "zip",
                "url": "https://api.github.com/repos/ezyang/htmlpurifier/zipball/95e1bae3182efc0f3422896a3236e991049dac69",
                "reference": "95e1bae3182efc0f3422896a3236e991049dac69",
                "shasum": ""
            },
            "require": {
                "php": ">=5.2"
            },
            "require-dev": {
                "simpletest/simpletest": "^1.1"
            },
            "type": "library",
            "autoload": {
                "psr-0": {
                    "HTMLPurifier": "library/"
                },
                "files": [
                    "library/HTMLPurifier.composer.php"
                ]
            },
            "notification-url": "https://packagist.org/downloads/",
            "license": [
                "LGPL"
            ],
            "authors": [
                {
                    "name": "Edward Z. Yang",
                    "email": "admin@htmlpurifier.org",
                    "homepage": "http://ezyang.com"
                }
            ],
            "description": "Standards compliant HTML filter written in PHP",
            "homepage": "http://htmlpurifier.org/",
            "keywords": [
                "html"
            ],
            "time": "2017-06-03T02:28:16+00:00"
        },
        {
            "name": "oui/oui_flat",
            "version": "0.7.0-beta",
            "source": {
                "type": "git",
                "url": "https://github.com/NicolasGraph/oui_flat.git",
                "reference": "f2e915b8436561fd3d9bd2b24a948b0cc43d14a6"
            },
            "dist": {
                "type": "zip",
                "url": "https://api.github.com/repos/NicolasGraph/oui_flat/zipball/f2e915b8436561fd3d9bd2b24a948b0cc43d14a6",
                "reference": "f2e915b8436561fd3d9bd2b24a948b0cc43d14a6",
                "shasum": ""
            },
            "require": {
                "php": ">=5.3.6",
                "textpattern/installer": "*",
                "textpattern/lock": ">=4.6.0"
            },
            "require-dev": {
                "squizlabs/php_codesniffer": "1.5.*"
            },
            "type": "textpattern-plugin",
            "notification-url": "https://packagist.org/downloads/",
            "license": [
                "GPL-2.0"
            ],
            "authors": [
                {
                    "name": "Nicolas Morand, Jukka Svahn",
                    "homepage": "http://rahforum.biz",
                    "role": "Developer"
                }
            ],
            "description": "Textpattern CMS templates as flat files (rah_flat fork)",
            "homepage": "https://github.com/nicolasgraph/oui_flat",
            "keywords": [
                "flat",
                "plugin",
                "template",
                "textpattern"
            ],
            "time": "2017-06-23T16:40:46+00:00"
        },
        {
            "name": "rah/rah_comment_spam",
            "version": "0.8.0",
            "source": {
                "type": "git",
                "url": "https://github.com/gocom/rah_comment_spam.git",
                "reference": "cab8d8bca34881050a1c3ffa044c8e97fd9f3f26"
            },
            "dist": {
                "type": "zip",
                "url": "https://api.github.com/repos/gocom/rah_comment_spam/zipball/cab8d8bca34881050a1c3ffa044c8e97fd9f3f26",
                "reference": "cab8d8bca34881050a1c3ffa044c8e97fd9f3f26",
                "shasum": ""
            },
            "require": {
                "php": ">=5.2.0",
                "textpattern/installer": "*",
                "textpattern/lock": ">=4.5.0"
            },
            "require-dev": {
                "squizlabs/php_codesniffer": "1.5.*"
            },
            "type": "textpattern-plugin",
            "notification-url": "https://packagist.org/downloads/",
            "license": [
                "GPL-2.0"
            ],
            "authors": [
                {
                    "name": "Jukka Svahn",
                    "homepage": "http://rahforum.biz",
                    "role": "Developer"
                }
            ],
            "description": "Anti-spam tools for Textpattern CMS",
            "homepage": "https://github.com/gocom/rah_comment_spam",
            "keywords": [
                "plugin",
                "textpattern"
            ],
            "time": "2015-03-06T03:10:49+00:00"
        },
        {
            "name": "rah/rah_sitemap",
            "version": "1.3.0",
            "source": {
                "type": "git",
                "url": "https://github.com/gocom/rah_sitemap.git",
                "reference": "7e071c1bc600c810b538b4ba75b0d65f931ebc0e"
            },
            "dist": {
                "type": "zip",
                "url": "https://api.github.com/repos/gocom/rah_sitemap/zipball/7e071c1bc600c810b538b4ba75b0d65f931ebc0e",
                "reference": "7e071c1bc600c810b538b4ba75b0d65f931ebc0e",
                "shasum": ""
            },
            "require": {
                "textpattern/installer": "*",
                "textpattern/lock": ">=4.5.0"
            },
            "require-dev": {
                "squizlabs/php_codesniffer": "1.5.*"
            },
            "type": "textpattern-plugin",
            "notification-url": "https://packagist.org/downloads/",
            "license": [
                "GPL-2.0"
            ],
            "authors": [
                {
                    "name": "Jukka Svahn",
                    "homepage": "http://rahforum.biz",
                    "role": "Developer"
                }
            ],
            "description": "XML sitemap plugin for Textpattern CMS",
            "homepage": "https://github.com/gocom/rah_sitemap",
            "keywords": [
                "plugin",
                "textpattern"
            ],
            "time": "2014-03-28T19:47:25+00:00"
        },
        {
            "name": "textpattern/installer",
            "version": "1.0.7",
            "source": {
                "type": "git",
                "url": "https://github.com/gocom/textpattern-installer.git",
                "reference": "18ae9744af18a632d0a1ed5784dc2cc05d092450"
            },
            "dist": {
                "type": "zip",
                "url": "https://api.github.com/repos/gocom/textpattern-installer/zipball/18ae9744af18a632d0a1ed5784dc2cc05d092450",
                "reference": "18ae9744af18a632d0a1ed5784dc2cc05d092450",
                "shasum": ""
            },
            "require": {
                "textpattern/lock": ">=4.4.1"
            },
            "require-dev": {
                "squizlabs/php_codesniffer": "1.5.*"
            },
            "type": "composer-installer",
            "extra": {
                "class": [
                    "Textpattern\\Composer\\Installer\\Installer\\Manifest",
                    "Textpattern\\Composer\\Installer\\Installer\\Package",
                    "Textpattern\\Composer\\Installer\\Installer\\AdminTheme",
                    "Textpattern\\Composer\\Installer\\Installer\\PublicTheme",
                    "Textpattern\\Composer\\Installer\\Installer\\Textpack"
                ]
            },
            "autoload": {
                "psr-0": {
                    "Textpattern\\Composer\\Installer\\": "src/"
                }
            },
            "notification-url": "https://packagist.org/downloads/",
            "license": [
                "GPL-2.0"
            ],
            "authors": [
                {
                    "name": "Jukka Svahn",
                    "homepage": "http://rahforum.biz",
                    "role": "Developer"
                }
            ],
            "description": "Textpattern plugin and theme installer",
            "homepage": "https://github.com/gocom/textpattern-installer",
            "keywords": [
                "installer",
                "plugin",
                "textpattern",
                "theme",
                "txp"
            ],
            "time": "2017-03-15T18:46:57+00:00"
        },
        {
            "name": "textpattern/lock",
            "version": "4.6.2",
            "source": {
                "type": "git",
                "url": "https://github.com/gocom/textpattern-lock.git",
                "reference": "c14619ad539de5637da5982a67e648c89a6a5006"
            },
            "dist": {
                "type": "zip",
                "url": "https://api.github.com/repos/gocom/textpattern-lock/zipball/c14619ad539de5637da5982a67e648c89a6a5006",
                "reference": "c14619ad539de5637da5982a67e648c89a6a5006",
                "shasum": ""
            },
            "type": "library",
            "extra": {
                "branch-alias": {
                    "dev-master": "4.x-dev"
                }
            },
            "notification-url": "https://packagist.org/downloads/",
            "license": [
                "GPL-2.0"
            ],
            "description": "Lock your Textpattern CMS version or define package dependencies",
            "homepage": "http://textpattern.com",
            "keywords": [
                "core",
                "meta",
                "textpattern"
            ],
            "time": "2017-03-15T19:01:08+00:00"
        }
    ],
    "packages-dev": [],
    "aliases": [],
    "minimum-stability": "stable",
    "stability-flags": {
        "oui/oui_flat": 10
    },
    "prefer-stable": false,
    "prefer-lowest": false,
    "platform": [],
    "platform-dev": []
}
